
Microsoft Visual Studio Solution File, Format Version 12.00
# Visual Studio Version 16
VisualStudioVersion = 16.0.30413.136
MinimumVisualStudioVersion = 10.0.40219.1
Project("{FAE04EC0-301F-11D3-BF4B-00C04F79EFBC}") = "Task25", "Task25\Task25.csproj", "{DB835A07-70B6-4105-A0F5-9D5DF0204849}"
EndProject
Project("{FAE04EC0-301F-11D3-BF4B-00C04F79EFBC}") = "Task25.Tests", "Task25.Tests\Task25.Tests.csproj", "{59F26179-6A25-4A00-9402-A29CD22BB42B}"
EndProject
Project("{FAE04EC0-301F-11D3-BF4B-00C04F79EFBC}") = "Task25.DAL", "Task25.DAL\Task25.DAL.csproj", "{0110E575-1EA7-4D42-B7A5-A49BBBD0934A}"
EndProject
Project("{FAE04EC0-301F-11D3-BF4B-00C04F79EFBC}") = "Task25.BLL", "Task25.BLL\Task25.BLL.csproj", "{9274FDB8-B1BB-4154-9F87-3A783202D099}"
EndProject
Global
	GlobalSection(SolutionConfigurationPlatforms) = preSolution
		Debug|Any CPU = Debug|Any CPU
		Release|Any CPU = Release|Any CPU
	EndGlobalSection
	GlobalSection(ProjectConfigurationPlatforms) = postSolution
		{DB835A07-70B6-4105-A0F5-9D5DF0204849}.Debug|Any CPU.ActiveCfg = Debug|Any CPU
		{DB835A07-70B6-4105-A0F5-9D5DF0204849}.Debug|Any CPU.Build.0 = Debug|Any CPU
		{DB835A07-70B6-4105-A0F5-9D5DF0204849}.Release|Any CPU.ActiveCfg = Release|Any CPU
		{DB835A07-70B6-4105-A0F5-9D5DF0204849}.Release|Any CPU.Build.0 = Release|Any CPU
		{59F26179-6A25-4A00-9402-A29CD22BB42B}.Debug|Any CPU.ActiveCfg = Debug|Any CPU
		{59F26179-6A25-4A00-9402-A29CD22BB42B}.Debug|Any CPU.Build.0 = Debug|Any CPU
		{59F26179-6A25-4A00-9402-A29CD22BB42B}.Release|Any CPU.ActiveCfg = Release|Any CPU
		{59F26179-6A25-4A00-9402-A29CD22BB42B}.Release|Any CPU.Build.0 = Release|Any CPU
		{0110E575-1EA7-4D42-B7A5-A49BBBD0934A}.Debug|Any CPU.ActiveCfg = Debug|Any CPU
		{0110E575-1EA7-4D42-B7A5-A49BBBD0934A}.Debug|Any CPU.Build.0 = Debug|Any CPU
		{0110E575-1EA7-4D42-B7A5-A49BBBD0934A}.Release|Any CPU.ActiveCfg = Release|Any CPU
		{0110E575-1EA7-4D42-B7A5-A49BBBD0934A}.Release|Any CPU.Build.0 = Release|Any CPU
		{9274FDB8-B1BB-4154-9F87-3A783202D099}.Debug|Any CPU.ActiveCfg = Debug|Any CPU
		{9274FDB8-B1BB-4154-9F87-3A783202D099}.Debug|Any CPU.Build.0 = Debug|Any CPU
		{9274FDB8-B1BB-4154-9F87-3A783202D099}.Release|Any CPU.ActiveCfg = Release|Any CPU
		{9274FDB8-B1BB-4154-9F87-3A783202D099}.Release|Any CPU.Build.0 = Release|Any CPU
	EndGlobalSection
	GlobalSection(SolutionProperties) = preSolution
		HideSolutionNode = FALSE
	EndGlobalSection
	GlobalSection(ExtensibilityGlobals) = postSolution
		SolutionGuid = {E004C30A-D8B6-4A7F-8EE2-CDC15360C5DB}
	EndGlobalSection
EndGlobal
